
Microsoft Visual Studio Solution File, Format Version 12.00
# Visual Studio Version 17
VisualStudioVersion = 17.5.002.0
MinimumVisualStudioVersion = 10.0.40219.1
Project("{9A19103F-16F7-4668-BE54-9A1E7A4F7556}") = "UserManagementAPI", "UserManagementAPI.csproj", "{AC96F859-6FE8-4940-8C65-60CDF5FFF860}"
EndProject
Global
	GlobalSection(SolutionConfigurationPlatforms) = preSolution
		Debug|Any CPU = Debug|Any CPU
		Release|Any CPU = Release|Any CPU
	EndGlobalSection
	GlobalSection(ProjectConfigurationPlatforms) = postSolution
		{AC96F859-6FE8-4940-8C65-60CDF5FFF860}.Debug|Any CPU.ActiveCfg = Debug|Any CPU
		{AC96F859-6FE8-4940-8C65-60CDF5FFF860}.Debug|Any CPU.Build.0 = Debug|Any CPU
		{AC96F859-6FE8-4940-8C65-60CDF5FFF860}.Release|Any CPU.ActiveCfg = Release|Any CPU
		{AC96F859-6FE8-4940-8C65-60CDF5FFF860}.Release|Any CPU.Build.0 = Release|Any CPU
	EndGlobalSection
	GlobalSection(SolutionProperties) = preSolution
		HideSolutionNode = FALSE
	EndGlobalSection
	GlobalSection(ExtensibilityGlobals) = postSolution
		SolutionGuid = {1DAD2578-91B6-4F45-98C1-31FFFA038A4D}
	EndGlobalSection
EndGlobal
